// !$*UTF8*$!
{
	archiveVersion = 1;
	classes = {
	};
	objectVersion = 48;
	objects = {

/* Begin PBXBuildFile section */
		BA68E4531FB9C73A00A5CA1C /* AppDelegate.swift in Sources */ = {isa = PBXBuildFile; fileRef = BA68E4521FB9C73A00A5CA1C /* AppDelegate.swift */; };
		BA68E4551FB9C73A00A5CA1C /* ViewController.swift in Sources */ = {isa = PBXBuildFile; fileRef = BA68E4541FB9C73A00A5CA1C /* ViewController.swift */; };
		BA68E45A1FB9C73A00A5CA1C /* Assets.xcassets in Resources */ = {isa = PBXBuildFile; fileRef = BA68E4591FB9C73A00A5CA1C /* Assets.xcassets */; };
		BAFA43061FB9F911000F72C1 /* PureLayout.framework in Frameworks */ = {isa = PBXBuildFile; fileRef = BAFA43051FB9F911000F72C1 /* PureLayout.framework */; settings = {ATTRIBUTES = (Required, ); }; };
		BAFA430C1FB9FC77000F72C1 /* PureLayoutTemplateViewController.swift in Sources */ = {isa = PBXBuildFile; fileRef = BAFA430B1FB9FC77000F72C1 /* PureLayoutTemplateViewController.swift */; };
		BAFA430E1FB9FE35000F72C1 /* main.swift in Sources */ = {isa = PBXBuildFile; fileRef = BAFA430D1FB9FE35000F72C1 /* main.swift */; };
/* End PBXBuildFile section */

/* Begin PBXFileReference section */
		BA68E44F1FB9C73A00A5CA1C /* ykhm.app */ = {isa = PBXFileReference; explicitFileType = wrapper.application; includeInIndex = 0; path = ykhm.app; sourceTree = BUILT_PRODUCTS_DIR; };
		BA68E4521FB9C73A00A5CA1C /* AppDelegate.swift */ = {isa = PBXFileReference; lastKnownFileType = sourcecode.swift; path = AppDelegate.swift; sourceTree = "<group>"; };
		BA68E4541FB9C73A00A5CA1C /* ViewController.swift */ = {isa = PBXFileReference; lastKnownFileType = sourcecode.swift; path = ViewController.swift; sourceTree = "<group>"; };
		BA68E4591FB9C73A00A5CA1C /* Assets.xcassets */ = {isa = PBXFileReference; lastKnownFileType = folder.assetcatalog; path = Assets.xcassets; sourceTree = "<group>"; };
		BA68E45E1FB9C73A00A5CA1C /* Info.plist */ = {isa = PBXFileReference; lastKnownFileType = text.plist.xml; path = Info.plist; sourceTree = "<group>"; };
		BAFA43051FB9F911000F72C1 /* PureLayout.framework */ = {isa = PBXFileReference; lastKnownFileType = wrapper.framework; name = PureLayout.framework; path = Carthage/Build/iOS/PureLayout.framework; sourceTree = "<group>"; };
		BAFA430B1FB9FC77000F72C1 /* PureLayoutTemplateViewController.swift */ = {isa = PBXFileReference; lastKnownFileType = sourcecode.swift; path = PureLayoutTemplateViewController.swift; sourceTree = "<group>"; };
		BAFA430D1FB9FE35000F72C1 /* main.swift */ = {isa = PBXFileReference; lastKnownFileType = sourcecode.swift; path = main.swift; sourceTree = "<group>"; };
/* End PBXFileReference section */

/* Begin PBXFrameworksBuildPhase section */
		BA68E44C1FB9C73A00A5CA1C /* Frameworks */ = {
			isa = PBXFrameworksBuildPhase;
			buildActionMask = 2147483647;
			files = (
				BAFA43061FB9F911000F72C1 /* PureLayout.framework in Frameworks */,
			);
			runOnlyForDeploymentPostprocessing = 0;
		};
/* End PBXFrameworksBuildPhase section */

/* Begin PBXGroup section */
		BA68E4461FB9C73A00A5CA1C = {
			isa = PBXGroup;
			children = (
				BA68E4501FB9C73A00A5CA1C /* Products */,
				BA68E4511FB9C73A00A5CA1C /* ykhm */,
				BAFA43041FB9F911000F72C1 /* Frameworks */,
			);
			sourceTree = "<group>";
		};
		BA68E4501FB9C73A00A5CA1C /* Products */ = {
			isa = PBXGroup;
			children = (
				BA68E44F1FB9C73A00A5CA1C /* ykhm.app */,
			);
			name = Products;
			sourceTree = "<group>";
		};
		BA68E4511FB9C73A00A5CA1C /* ykhm */ = {
			isa = PBXGroup;
			children = (
				BAFA43091FB9FC4C000F72C1 /* UI */,
				BAFA43081FB9FC36000F72C1 /* Application */,
			);
			path = ykhm;
			sourceTree = "<group>";
		};
		BAFA43041FB9F911000F72C1 /* Frameworks */ = {
			isa = PBXGroup;
			children = (
				BAFA43051FB9F911000F72C1 /* PureLayout.framework */,
			);
			name = Frameworks;
			sourceTree = "<group>";
		};
		BAFA43081FB9FC36000F72C1 /* Application */ = {
			isa = PBXGroup;
			children = (
				BA68E4591FB9C73A00A5CA1C /* Assets.xcassets */,
				BA68E45E1FB9C73A00A5CA1C /* Info.plist */,
				BA68E4521FB9C73A00A5CA1C /* AppDelegate.swift */,
				BAFA430D1FB9FE35000F72C1 /* main.swift */,
			);
			path = Application;
			sourceTree = "<group>";
		};
		BAFA43091FB9FC4C000F72C1 /* UI */ = {
			isa = PBXGroup;
			children = (
				BAFA430A1FB9FC58000F72C1 /* TemplatePureLayout */,
				BA68E4541FB9C73A00A5CA1C /* ViewController.swift */,
			);
			path = UI;
			sourceTree = "<group>";
		};
		BAFA430A1FB9FC58000F72C1 /* TemplatePureLayout */ = {
			isa = PBXGroup;
			children = (
				BAFA430B1FB9FC77000F72C1 /* PureLayoutTemplateViewController.swift */,
			);
			path = TemplatePureLayout;
			sourceTree = "<group>";
		};
/* End PBXGroup section */

/* Begin PBXNativeTarget section */
		BA68E44E1FB9C73A00A5CA1C /* ykhm */ = {
			isa = PBXNativeTarget;
			buildConfigurationList = BA68E4611FB9C73A00A5CA1C /* Build configuration list for PBXNativeTarget "ykhm" */;
			buildPhases = (
				BA68E44B1FB9C73A00A5CA1C /* Sources */,
				BA68E44C1FB9C73A00A5CA1C /* Frameworks */,
				BA68E44D1FB9C73A00A5CA1C /* Resources */,
				BAFA43071FB9FB6E000F72C1 /* ShellScript */,
			);
			buildRules = (
			);
			dependencies = (
			);
			name = ykhm;
			productName = ykhm;
			productReference = BA68E44F1FB9C73A00A5CA1C /* ykhm.app */;
			productType = "com.apple.product-type.application";
		};
/* End PBXNativeTarget section */

/* Begin PBXProject section */
		BA68E4471FB9C73A00A5CA1C /* Project object */ = {
			isa = PBXProject;
			attributes = {
				LastSwiftUpdateCheck = 0910;
				LastUpgradeCheck = 0910;
				ORGANIZATIONNAME = hmatsush;
				TargetAttributes = {
					BA68E44E1FB9C73A00A5CA1C = {
						CreatedOnToolsVersion = 9.1;
						ProvisioningStyle = Automatic;
					};
				};
			};
			buildConfigurationList = BA68E44A1FB9C73A00A5CA1C /* Build configuration list for PBXProject "ykhm" */;
			compatibilityVersion = "Xcode 8.0";
			developmentRegion = en;
			hasScannedForEncodings = 0;
			knownRegions = (
				en,
				Base,
			);
			mainGroup = BA68E4461FB9C73A00A5CA1C;
			productRefGroup = BA68E4501FB9C73A00A5CA1C /* Products */;
			projectDirPath = "";
			projectRoot = "";
			targets = (
				BA68E44E1FB9C73A00A5CA1C /* ykhm */,
			);
		};
/* End PBXProject section */

/* Begin PBXResourcesBuildPhase section */
		BA68E44D1FB9C73A00A5CA1C /* Resources */ = {
			isa = PBXResourcesBuildPhase;
			buildActionMask = 2147483647;
			files = (
				BA68E45A1FB9C73A00A5CA1C /* Assets.xcassets in Resources */,
			);
			runOnlyForDeploymentPostprocessing = 0;
		};
/* End PBXResourcesBuildPhase section */

/* Begin PBXShellScriptBuildPhase section */
		BAFA43071FB9FB6E000F72C1 /* ShellScript */ = {
			isa = PBXShellScriptBuildPhase;
			buildActionMask = 2147483647;
			files = (
			);
			inputPaths = (
				"$(SRCROOT)/Carthage/Build/iOS/PureLayout.framework",
			);
			outputPaths = (
			);
			runOnlyForDeploymentPostprocessing = 0;
			shellPath = /bin/sh;
			shellScript = "/usr/local/bin/carthage copy-frameworks";
		};
/* End PBXShellScriptBuildPhase section */

/* Begin PBXSourcesBuildPhase section */
		BA68E44B1FB9C73A00A5CA1C /* Sources */ = {
			isa = PBXSourcesBuildPhase;
			buildActionMask = 2147483647;
			files = (
				BA68E4551FB9C73A00A5CA1C /* ViewController.swift in Sources */,
				BAFA430C1FB9FC77000F72C1 /* PureLayoutTemplateViewController.swift in Sources */,
				BAFA430E1FB9FE35000F72C1 /* main.swift in Sources */,
				BA68E4531FB9C73A00A5CA1C /* AppDelegate.swift in Sources */,
			);
			runOnlyForDeploymentPostprocessing = 0;
		};
/* End PBXSourcesBuildPhase section */

/* Begin XCBuildConfiguration section */
		BA68E45F1FB9C73A00A5CA1C /* Debug */ = {
			isa = XCBuildConfiguration;
			buildSettings = {
				ALWAYS_SEARCH_USER_PATHS = NO;
				CLANG_ANALYZER_NONNULL = YES;
				CLANG_ANALYZER_NUMBER_OBJECT_CONVERSION = YES_AGGRESSIVE;
				CLANG_CXX_LANGUAGE_STANDARD = "gnu++14";
				CLANG_CXX_LIBRARY = "libc++";
				CLANG_ENABLE_MODULES = YES;
				CLANG_ENABLE_OBJC_ARC = YES;
				CLANG_WARN_BLOCK_CAPTURE_AUTORELEASING = YES;
				CLANG_WARN_BOOL_CONVERSION = YES;
				CLANG_WARN_COMMA = YES;
				CLANG_WARN_CONSTANT_CONVERSION = YES;
				CLANG_WARN_DIRECT_OBJC_ISA_USAGE = YES_ERROR;
				CLANG_WARN_DOCUMENTATION_COMMENTS = YES;
				CLANG_WARN_EMPTY_BODY = YES;
				CLANG_WARN_ENUM_CONVERSION = YES;
				CLANG_WARN_INFINITE_RECURSION = YES;
				CLANG_WARN_INT_CONVERSION = YES;
				CLANG_WARN_NON_LITERAL_NULL_CONVERSION = YES;
				CLANG_WARN_OBJC_LITERAL_CONVERSION = YES;
				CLANG_WARN_OBJC_ROOT_CLASS = YES_ERROR;
				CLANG_WARN_RANGE_LOOP_ANALYSIS = YES;
				CLANG_WARN_STRICT_PROTOTYPES = YES;
				CLANG_WARN_SUSPICIOUS_MOVE = YES;
				CLANG_WARN_UNGUARDED_AVAILABILITY = YES_AGGRESSIVE;
				CLANG_WARN_UNREACHABLE_CODE = YES;
				CLANG_WARN__DUPLICATE_METHOD_MATCH = YES;
				CODE_SIGN_IDENTITY = "iPhone Developer";
				COPY_PHASE_STRIP = NO;
				DEBUG_INFORMATION_FORMAT = dwarf;
				ENABLE_STRICT_OBJC_MSGSEND = YES;
				ENABLE_TESTABILITY = YES;
				GCC_C_LANGUAGE_STANDARD = gnu11;
				GCC_DYNAMIC_NO_PIC = NO;
				GCC_NO_COMMON_BLOCKS = YES;
				GCC_OPTIMIZATION_LEVEL = 0;
				GCC_PREPROCESSOR_DEFINITIONS = (
					"DEBUG=1",
					"$(inherited)",
				);
				GCC_WARN_64_TO_32_BIT_CONVERSION = YES;
				GCC_WARN_ABOUT_RETURN_TYPE = YES_ERROR;
				GCC_WARN_UNDECLARED_SELECTOR = YES;
				GCC_WARN_UNINITIALIZED_AUTOS = YES_AGGRESSIVE;
				GCC_WARN_UNUSED_FUNCTION = YES;
				GCC_WARN_UNUSED_VARIABLE = YES;
				IPHONEOS_DEPLOYMENT_TARGET = 11.1;
				MTL_ENABLE_DEBUG_INFO = YES;
				ONLY_ACTIVE_ARCH = YES;
				SDKROOT = iphoneos;
				SWIFT_ACTIVE_COMPILATION_CONDITIONS = DEBUG;
				SWIFT_OPTIMIZATION_LEVEL = "-Onone";
			};
			name = Debug;
		};
		BA68E4601FB9C73A00A5CA1C /* Release */ = {
			isa = XCBuildConfiguration;
			buildSettings = {
				ALWAYS_SEARCH_USER_PATHS = NO;
				CLANG_ANALYZER_NONNULL = YES;
				CLANG_ANALYZER_NUMBER_OBJECT_CONVERSION = YES_AGGRESSIVE;
				CLANG_CXX_LANGUAGE_STANDARD = "gnu++14";
				CLANG_CXX_LIBRARY = "libc++";
				CLANG_ENABLE_MODULES = YES;
				CLANG_ENABLE_OBJC_ARC = YES;
				CLANG_WARN_BLOCK_CAPTURE_AUTORELEASING = YES;
				CLANG_WARN_BOOL_CONVERSION = YES;
				CLANG_WARN_COMMA = YES;
				CLANG_WARN_CONSTANT_CONVERSION = YES;
				CLANG_WARN_DIRECT_OBJC_ISA_USAGE = YES_ERROR;
				CLANG_WARN_DOCUMENTATION_COMMENTS = YES;
				CLANG_WARN_EMPTY_BODY = YES;
				CLANG_WARN_ENUM_CONVERSION = YES;
				CLANG_WARN_INFINITE_RECURSION = YES;
				CLANG_WARN_INT_CONVERSION = YES;
				CLANG_WARN_NON_LITERAL_NULL_CONVERSION = YES;
				CLANG_WARN_OBJC_LITERAL_CONVERSION = YES;
				CLANG_WARN_OBJC_ROOT_CLASS = YES_ERROR;
				CLANG_WARN_RANGE_LOOP_ANALYSIS = YES;
				CLANG_WARN_STRICT_PROTOTYPES = YES;
				CLANG_WARN_SUSPICIOUS_MOVE = YES;
				CLANG_WARN_UNGUARDED_AVAILABILITY = YES_AGGRESSIVE;
				CLANG_WARN_UNREACHABLE_CODE = YES;
				CLANG_WARN__DUPLICATE_METHOD_MATCH = YES;
				CODE_SIGN_IDENTITY = "iPhone Developer";
				COPY_PHASE_STRIP = NO;
				DEBUG_INFORMATION_FORMAT = "dwarf-with-dsym";
				ENABLE_NS_ASSERTIONS = NO;
				ENABLE_STRICT_OBJC_MSGSEND = YES;
				GCC_C_LANGUAGE_STANDARD = gnu11;
				GCC_NO_COMMON_BLOCKS = YES;
				GCC_WARN_64_TO_32_BIT_CONVERSION = YES;
				GCC_WARN_ABOUT_RETURN_TYPE = YES_ERROR;
				GCC_WARN_UNDECLARED_SELECTOR = YES;
				GCC_WARN_UNINITIALIZED_AUTOS = YES_AGGRESSIVE;
				GCC_WARN_UNUSED_FUNCTION = YES;
				GCC_WARN_UNUSED_VARIABLE = YES;
				IPHONEOS_DEPLOYMENT_TARGET = 11.1;
				MTL_ENABLE_DEBUG_INFO = NO;
				SDKROOT = iphoneos;
				SWIFT_OPTIMIZATION_LEVEL = "-Owholemodule";
				VALIDATE_PRODUCT = YES;
			};
			name = Release;
		};
		BA68E4621FB9C73A00A5CA1C /* Debug */ = {
			isa = XCBuildConfiguration;
			buildSettings = {
				ASSETCATALOG_COMPILER_APPICON_NAME = AppIcon;
				CODE_SIGN_STYLE = Automatic;
				DEVELOPMENT_TEAM = "";
				FRAMEWORK_SEARCH_PATHS = (
					"$(inherited)",
					"$(PROJECT_DIR)/Carthage/Build/iOS",
				);
				INFOPLIST_FILE = ykhm/Info.plist;
				"INFOPLIST_FILE[sdk=*]" = ykhm/Application/Info.plist;
				LD_RUNPATH_SEARCH_PATHS = "$(inherited) @executable_path/Frameworks";
				PRODUCT_BUNDLE_IDENTIFIER = jp.hmatsush.search.ykhm;
				PRODUCT_NAME = "$(TARGET_NAME)";
				SWIFT_VERSION = 4.0;
				TARGETED_DEVICE_FAMILY = 1;
			};
			name = Debug;
		};
		BA68E4631FB9C73A00A5CA1C /* Release */ = {
			isa = XCBuildConfiguration;
			buildSettings = {
				ASSETCATALOG_COMPILER_APPICON_NAME = AppIcon;
				CODE_SIGN_STYLE = Automatic;
				DEVELOPMENT_TEAM = "";
				FRAMEWORK_SEARCH_PATHS = (
					"$(inherited)",
					"$(PROJECT_DIR)/Carthage/Build/iOS",
				);
				INFOPLIST_FILE = ykhm/Info.plist;
				"INFOPLIST_FILE[sdk=*]" = ykhm/Application/Info.plist;
				LD_RUNPATH_SEARCH_PATHS = "$(inherited) @executable_path/Frameworks";
				PRODUCT_BUNDLE_IDENTIFIER = jp.hmatsush.search.ykhm;
				PRODUCT_NAME = "$(TARGET_NAME)";
				SWIFT_VERSION = 4.0;
				TARGETED_DEVICE_FAMILY = 1;
			};
			name = Release;
		};
/* End XCBuildConfiguration section */

/* Begin XCConfigurationList section */
		BA68E44A1FB9C73A00A5CA1C /* Build configuration list for PBXProject "ykhm" */ = {
			isa = XCConfigurationList;
			buildConfigurations = (
				BA68E45F1FB9C73A00A5CA1C /* Debug */,
				BA68E4601FB9C73A00A5CA1C /* Release */,
			);
			defaultConfigurationIsVisible = 0;
			defaultConfigurationName = Release;
		};
		BA68E4611FB9C73A00A5CA1C /* Build configuration list for PBXNativeTarget "ykhm" */ = {
			isa = XCConfigurationList;
			buildConfigurations = (
				BA68E4621FB9C73A00A5CA1C /* Debug */,
				BA68E4631FB9C73A00A5CA1C /* Release */,
			);
			defaultConfigurationIsVisible = 0;
			defaultConfigurationName = Release;
		};
/* End XCConfigurationList section */
	};
	rootObject = BA68E4471FB9C73A00A5CA1C /* Project object */;
}
